{
    "name": "btp_bais_writer",
    "version": "1.0.0",
    "lockfileVersion": 2,
    "requires": true,
    "packages": {
        "": {
            "name": "btp_bais_writer",
            "version": "1.0.0",
            "dependencies": {
                "https": "1.0.0",
                "node-cron": "2.0.3",
                "oracledb": "5.1.0",
                "ssl-root-cas": "latest"
            }
        },
        "node_modules/@coolaj86/urequest": {
            "version": "1.3.7",
            "resolved": "https://registry.npmjs.org/@coolaj86/urequest/-/urequest-1.3.7.tgz",
            "integrity": "sha512-PPrVYra9aWvZjSCKl/x1pJ9ZpXda1652oJrPBYy5rQumJJMkmTBN3ux+sK2xAUwVvv2wnewDlaQaHLxLwSHnIA=="
        },
        "node_modules/https": {
            "version": "1.0.0",
            "resolved": "https://registry.npmjs.org/https/-/https-1.0.0.tgz",
            "integrity": "sha1-PDfHrhqO65ZpBKKtHpdaGUt+06Q="
        },
        "node_modules/node-cron": {
            "version": "2.0.3",
            "resolved": "https://registry.npmjs.org/node-cron/-/node-cron-2.0.3.tgz",
            "integrity": "sha512-eJI+QitXlwcgiZwNNSRbqsjeZMp5shyajMR81RZCqeW0ZDEj4zU9tpd4nTh/1JsBiKbF8d08FCewiipDmVIYjg==",
            "hasInstallScript": true,
            "dependencies": {
                "opencollective-postinstall": "^2.0.0",
                "tz-offset": "0.0.1"
            },
            "engines": {
                "node": ">=6.0.0"
            }
        },
        "node_modules/opencollective-postinstall": {
            "version": "2.0.3",
            "resolved": "https://registry.npmjs.org/opencollective-postinstall/-/opencollective-postinstall-2.0.3.tgz",
            "integrity": "sha512-8AV/sCtuzUeTo8gQK5qDZzARrulB3egtLzFgteqB2tcT4Mw7B8Kt7JcDHmltjz6FOAHsvTevk70gZEbhM4ZS9Q==",
            "bin": {
                "opencollective-postinstall": "index.js"
            }
        },
        "node_modules/oracledb": {
            "version": "5.1.0",
            "resolved": "https://registry.npmjs.org/oracledb/-/oracledb-5.1.0.tgz",
            "integrity": "sha512-/IpzG729lFj8NBsA0xaOijdf6ZO3VuJbebma/hSf+VUZoIyzI/mCzBX047ramb/W8yJ1SV/HdWgs+XEczbqsXg==",
            "hasInstallScript": true,
            "engines": {
                "node": ">=10.16"
            }
        },
        "node_modules/ssl-root-cas": {
            "version": "1.3.1",
            "resolved": "https://registry.npmjs.org/ssl-root-cas/-/ssl-root-cas-1.3.1.tgz",
            "integrity": "sha512-KR8J210Wfvjh+iNE9jcQEgbG0VG2713PHreItx6aNCPnkFO8XChz1cJ4iuCGeBj0+8wukLmgHgJqX+O5kRjPkQ==",
            "dependencies": {
                "@coolaj86/urequest": "^1.3.6"
            }
        },
        "node_modules/tz-offset": {
            "version": "0.0.1",
            "resolved": "https://registry.npmjs.org/tz-offset/-/tz-offset-0.0.1.tgz",
            "integrity": "sha512-kMBmblijHJXyOpKzgDhKx9INYU4u4E1RPMB0HqmKSgWG8vEcf3exEfLh4FFfzd3xdQOw9EuIy/cP0akY6rHopQ=="
        }
    },
    "dependencies": {
        "@coolaj86/urequest": {
            "version": "1.3.7",
            "resolved": "https://registry.npmjs.org/@coolaj86/urequest/-/urequest-1.3.7.tgz",
            "integrity": "sha512-PPrVYra9aWvZjSCKl/x1pJ9ZpXda1652oJrPBYy5rQumJJMkmTBN3ux+sK2xAUwVvv2wnewDlaQaHLxLwSHnIA=="
        },
        "https": {
            "version": "1.0.0",
            "resolved": "https://registry.npmjs.org/https/-/https-1.0.0.tgz",
            "integrity": "sha1-PDfHrhqO65ZpBKKtHpdaGUt+06Q="
        },
        "node-cron": {
            "version": "2.0.3",
            "resolved": "https://registry.npmjs.org/node-cron/-/node-cron-2.0.3.tgz",
            "integrity": "sha512-eJI+QitXlwcgiZwNNSRbqsjeZMp5shyajMR81RZCqeW0ZDEj4zU9tpd4nTh/1JsBiKbF8d08FCewiipDmVIYjg==",
            "requires": {
                "opencollective-postinstall": "^2.0.0",
                "tz-offset": "0.0.1"
            }
        },
        "opencollective-postinstall": {
            "version": "2.0.3",
            "resolved": "https://registry.npmjs.org/opencollective-postinstall/-/opencollective-postinstall-2.0.3.tgz",
            "integrity": "sha512-8AV/sCtuzUeTo8gQK5qDZzARrulB3egtLzFgteqB2tcT4Mw7B8Kt7JcDHmltjz6FOAHsvTevk70gZEbhM4ZS9Q=="
        },
        "oracledb": {
            "version": "5.1.0",
            "resolved": "https://registry.npmjs.org/oracledb/-/oracledb-5.1.0.tgz",
            "integrity": "sha512-/IpzG729lFj8NBsA0xaOijdf6ZO3VuJbebma/hSf+VUZoIyzI/mCzBX047ramb/W8yJ1SV/HdWgs+XEczbqsXg=="
        },
        "ssl-root-cas": {
            "version": "1.3.1",
            "resolved": "https://registry.npmjs.org/ssl-root-cas/-/ssl-root-cas-1.3.1.tgz",
            "integrity": "sha512-KR8J210Wfvjh+iNE9jcQEgbG0VG2713PHreItx6aNCPnkFO8XChz1cJ4iuCGeBj0+8wukLmgHgJqX+O5kRjPkQ==",
            "requires": {
                "@coolaj86/urequest": "^1.3.6"
            }
        },
        "tz-offset": {
            "version": "0.0.1",
            "resolved": "https://registry.npmjs.org/tz-offset/-/tz-offset-0.0.1.tgz",
            "integrity": "sha512-kMBmblijHJXyOpKzgDhKx9INYU4u4E1RPMB0HqmKSgWG8vEcf3exEfLh4FFfzd3xdQOw9EuIy/cP0akY6rHopQ=="
        }
    }
}
